Microsoft Visual Studio Solution File, Format Version 12.00# Visual Studio 2012Project("{FAE04EC0-301F-11D3-BF4B-00C04F79EFBC}") = "TestGitHub.Entities", "TestGitHub.Entities\TestGitHub.Entities.csproj", "{9B5DE9A3-AFD5-4DCD-8C1E-24717814FBD8}"EndProjectProject("{FAE04EC0-301F-11D3-BF4B-00C04F79EFBC}") = "TestGitHub.Daos.Interfaces", "TestGitHub.Daos.Interfaces\TestGitHub.Daos.Interfaces.csproj", "{76A30864-DF4D-4C16-9B45-E6805059D77C}"EndProjectProject("{FAE04EC0-301F-11D3-BF4B-00C04F79EFBC}") = "TestGitHub.Services.Interfaces", "TestGitHub.Services.Interfaces\TestGitHub.Services.Interfaces.csproj", "{45B4C793-3664-41DC-856D-57818885C7E6}"EndProjectProject("{FAE04EC0-301F-11D3-BF4B-00C04F79EFBC}") = "TestGitHub.Daos", "TestGitHub.Daos\TestGitHub.Daos.csproj", "{F14A014F-6AC3-4783-9B20-64ABF82714B7}"EndProjectProject("{FAE04EC0-301F-11D3-BF4B-00C04F79EFBC}") = "TestGitHub.Services", "TestGitHub.Services\TestGitHub.Services.csproj", "{715BC7F2-5693-491D-AD24-46F1A3849497}"EndProjectProject("{FAE04EC0-301F-11D3-BF4B-00C04F79EFBC}") = "TestGitHub.TestData", "TestGitHub.TestData\TestGitHub.TestData.csproj", "{8E1253A0-F3E0-45C2-A02F-0E3242DE3379}"EndProjectProject("{FAE04EC0-301F-11D3-BF4B-00C04F79EFBC}") = "TestGitHub.Daos.Mocks", "TestGitHub.Daos.Mocks\TestGitHub.Daos.Mocks.csproj", "{49F08CC3-F46E-4B33-8233-18239CAD105D}"EndProjectProject("{FAE04EC0-301F-11D3-BF4B-00C04F79EFBC}") = "TestGitHub.Daos.Tests", "TestGitHub.Daos.Tests\TestGitHub.Daos.Tests.csproj", "{801A260E-B8B3-4B67-8CC0-80A3FA27D452}"EndProjectProject("{FAE04EC0-301F-11D3-BF4B-00C04F79EFBC}") = "TestGitHub.Services.Tests", "TestGitHub.Services.Tests\TestGitHub.Services.Tests.csproj", "{55ADAC3F-3B2F-47E3-B5CF-2329D6C36114}"EndProjectProject("{FAE04EC0-301F-11D3-BF4B-00C04F79EFBC}") = "TestGitHub.Web", "TestGitHub.Web\TestGitHub.Web.csproj", "{F751E3F0-A5A7-4DC9-821D-4B66693A1FE0}"EndProjectProject("{FAE04EC0-301F-11D3-BF4B-00C04F79EFBC}") = "TestGitHub.WebApi", "TestGitHub.WebApi\TestGitHub.WebApi.csproj", "{761CD36F-1916-4DC2-8AE2-D3E69452802F}"EndProjectGlobal	GlobalSection(SolutionConfigurationPlatforms) = preSolution		Debug|Any CPU = Debug|Any CPU		Release|Any CPU = Release|Any CPU	EndGlobalSection	GlobalSection(ProjectConfigurationPlatforms) = postSolution		{9B5DE9A3-AFD5-4DCD-8C1E-24717814FBD8}.Debug|Any CPU.ActiveCfg = Debug|Any CPU		{9B5DE9A3-AFD5-4DCD-8C1E-24717814FBD8}.Debug|Any CPU.Build.0 = Debug|Any CPU		{9B5DE9A3-AFD5-4DCD-8C1E-24717814FBD8}.Release|Any CPU.ActiveCfg = Release|Any CPU		{9B5DE9A3-AFD5-4DCD-8C1E-24717814FBD8}.Release|Any CPU.Build.0 = Release|Any CPU		{76A30864-DF4D-4C16-9B45-E6805059D77C}.Debug|Any CPU.ActiveCfg = Debug|Any CPU		{76A30864-DF4D-4C16-9B45-E6805059D77C}.Debug|Any CPU.Build.0 = Debug|Any CPU		{76A30864-DF4D-4C16-9B45-E6805059D77C}.Release|Any CPU.ActiveCfg = Release|Any CPU		{76A30864-DF4D-4C16-9B45-E6805059D77C}.Release|Any CPU.Build.0 = Release|Any CPU		{45B4C793-3664-41DC-856D-57818885C7E6}.Debug|Any CPU.ActiveCfg = Debug|Any CPU		{45B4C793-3664-41DC-856D-57818885C7E6}.Debug|Any CPU.Build.0 = Debug|Any CPU		{45B4C793-3664-41DC-856D-57818885C7E6}.Release|Any CPU.ActiveCfg = Release|Any CPU		{45B4C793-3664-41DC-856D-57818885C7E6}.Release|Any CPU.Build.0 = Release|Any CPU		{F14A014F-6AC3-4783-9B20-64ABF82714B7}.Debug|Any CPU.ActiveCfg = Debug|Any CPU		{F14A014F-6AC3-4783-9B20-64ABF82714B7}.Debug|Any CPU.Build.0 = Debug|Any CPU		{F14A014F-6AC3-4783-9B20-64ABF82714B7}.Release|Any CPU.ActiveCfg = Release|Any CPU		{F14A014F-6AC3-4783-9B20-64ABF82714B7}.Release|Any CPU.Build.0 = Release|Any CPU		{715BC7F2-5693-491D-AD24-46F1A3849497}.Debug|Any CPU.ActiveCfg = Debug|Any CPU		{715BC7F2-5693-491D-AD24-46F1A3849497}.Debug|Any CPU.Build.0 = Debug|Any CPU		{715BC7F2-5693-491D-AD24-46F1A3849497}.Release|Any CPU.ActiveCfg = Release|Any CPU		{715BC7F2-5693-491D-AD24-46F1A3849497}.Release|Any CPU.Build.0 = Release|Any CPU		{8E1253A0-F3E0-45C2-A02F-0E3242DE3379}.Debug|Any CPU.ActiveCfg = Debug|Any CPU		{8E1253A0-F3E0-45C2-A02F-0E3242DE3379}.Debug|Any CPU.Build.0 = Debug|Any CPU		{8E1253A0-F3E0-45C2-A02F-0E3242DE3379}.Release|Any CPU.ActiveCfg = Release|Any CPU		{8E1253A0-F3E0-45C2-A02F-0E3242DE3379}.Release|Any CPU.Build.0 = Release|Any CPU		{49F08CC3-F46E-4B33-8233-18239CAD105D}.Debug|Any CPU.ActiveCfg = Debug|Any CPU		{49F08CC3-F46E-4B33-8233-18239CAD105D}.Debug|Any CPU.Build.0 = Debug|Any CPU		{49F08CC3-F46E-4B33-8233-18239CAD105D}.Release|Any CPU.ActiveCfg = Release|Any CPU		{49F08CC3-F46E-4B33-8233-18239CAD105D}.Release|Any CPU.Build.0 = Release|Any CPU		{801A260E-B8B3-4B67-8CC0-80A3FA27D452}.Debug|Any CPU.ActiveCfg = Debug|Any CPU		{801A260E-B8B3-4B67-8CC0-80A3FA27D452}.Debug|Any CPU.Build.0 = Debug|Any CPU		{801A260E-B8B3-4B67-8CC0-80A3FA27D452}.Release|Any CPU.ActiveCfg = Release|Any CPU		{801A260E-B8B3-4B67-8CC0-80A3FA27D452}.Release|Any CPU.Build.0 = Release|Any CPU		{55ADAC3F-3B2F-47E3-B5CF-2329D6C36114}.Debug|Any CPU.ActiveCfg = Debug|Any CPU		{55ADAC3F-3B2F-47E3-B5CF-2329D6C36114}.Debug|Any CPU.Build.0 = Debug|Any CPU		{55ADAC3F-3B2F-47E3-B5CF-2329D6C36114}.Release|Any CPU.ActiveCfg = Release|Any CPU		{55ADAC3F-3B2F-47E3-B5CF-2329D6C36114}.Release|Any CPU.Build.0 = Release|Any CPU		{F751E3F0-A5A7-4DC9-821D-4B66693A1FE0}.Debug|Any CPU.ActiveCfg = Debug|Any CPU		{F751E3F0-A5A7-4DC9-821D-4B66693A1FE0}.Debug|Any CPU.Build.0 = Debug|Any CPU		{F751E3F0-A5A7-4DC9-821D-4B66693A1FE0}.Release|Any CPU.ActiveCfg = Release|Any CPU		{F751E3F0-A5A7-4DC9-821D-4B66693A1FE0}.Release|Any CPU.Build.0 = Release|Any CPU		{761CD36F-1916-4DC2-8AE2-D3E69452802F}.Debug|Any CPU.ActiveCfg = Debug|Any CPU		{761CD36F-1916-4DC2-8AE2-D3E69452802F}.Debug|Any CPU.Build.0 = Debug|Any CPU		{761CD36F-1916-4DC2-8AE2-D3E69452802F}.Release|Any CPU.ActiveCfg = Release|Any CPU		{761CD36F-1916-4DC2-8AE2-D3E69452802F}.Release|Any CPU.Build.0 = Release|Any CPU	EndGlobalSection
	GlobalSection(SolutionProperties) = preSolution		HideSolutionNode = FALSE	EndGlobalSectionEndGlobal